
Microsoft Visual Studio Solution File, Format Version 12.00
# Visual Studio Version 17
VisualStudioVersion = 17.2.32602.215
MinimumVisualStudioVersion = 10.0.40219.1
Project("{FAE04EC0-301F-11D3-BF4B-00C04F79EFBC}") = "MC自动安装更新脚本2版", "MC自动安装更新脚本2版.csproj", "{298B3D0A-ACE5-4C47-9FBC-7DD3F1F1A0A8}"
EndProject
Global
	GlobalSection(SolutionConfigurationPlatforms) = preSolution
		Debug|Any CPU = Debug|Any CPU
		Release|Any CPU = Release|Any CPU
	EndGlobalSection
	GlobalSection(ProjectConfigurationPlatforms) = postSolution
		{298B3D0A-ACE5-4C47-9FBC-7DD3F1F1A0A8}.Debug|Any CPU.ActiveCfg = Debug|Any CPU
		{298B3D0A-ACE5-4C47-9FBC-7DD3F1F1A0A8}.Debug|Any CPU.Build.0 = Debug|Any CPU
		{298B3D0A-ACE5-4C47-9FBC-7DD3F1F1A0A8}.Release|Any CPU.ActiveCfg = Release|Any CPU
		{298B3D0A-ACE5-4C47-9FBC-7DD3F1F1A0A8}.Release|Any CPU.Build.0 = Release|Any CPU
	EndGlobalSection
	GlobalSection(SolutionProperties) = preSolution
		HideSolutionNode = FALSE
	EndGlobalSection
	GlobalSection(ExtensibilityGlobals) = postSolution
		SolutionGuid = {32E7215D-85C4-4405-B545-927DA8FAFE16}
	EndGlobalSection
EndGlobal
